git.bytestone.uk/hum3/go-postgres v0.5.5 h1:BKnmpHcGM3r/hmTMw+5jWG8OqGsXvW8YoKBc7PGVHZ0=
git.bytestone.uk/hum3/go-postgres v0.5.5/go.mod h1:rAg4Pa3KpSTpcrv/takcZ7xlQpZdAKIe6jq5hx8CIUg=
github.com/google/uuid v1.6.0 h1:NIvaJDMOsjHA8n1jAhLSgzrAzy1Hgr+hNrb57e+94F0=
github.com/google/uuid v1.6.0/go.mod h1:TIyPZe4MgqvfeYDBFedMoGGpEw/LqOeaOT+nhxU+yHo=
github.com/ncruces/go-sqlite3 v0.30.6-0.20260318175627-361fdc52faa5 h1:dN/J8cpVzvAsQ07NKeE8AYRZXot0KlFYSv5NzNp2ebw=
github.com/ncruces/go-sqlite3 v0.30.6-0.20260318175627-361fdc52faa5/go.mod h1:g2kc6h9j9oGpawNg6NfU4l27BR9VNCd7fKyVoI3iXpc=
github.com/ncruces/go-sqlite3-wasm v1.0.1-0.20260318174050-59cb2401d3ff h1:jabe/IWMvK2glihBo1hWsF4Cz+wsZ4YJq9W9pQPX8wI=
github.com/ncruces/go-sqlite3-wasm v1.0.1-0.20260318174050-59cb2401d3ff/go.mod h1:gaCJnWv69r9BPn0w7jAYg/CUht+PnTK8IIMB1K5C1uw=
github.com/ncruces/julianday v1.0.0 h1:fH0OKwa7NWvniGQtxdJRxAgkBMolni2BjDHaWTxqt7M=
github.com/ncruces/julianday v1.0.0/go.mod h1:Dusn2KvZrrovOMJuOt0TNXL6tB7U2E8kvza5fFc9G7g=
github.com/shopspring/decimal v1.4.0 h1:bxl37RwXBklmTi0C79JfXCEBD1cqqHt0bbgBAGFp81k=
github.com/shopspring/decimal v1.4.0/go.mod h1:gawqmDU56v4yIKSwfBSFip1HdCCXN8/+DMd9qYNcwME=
golang.org/x/sys v0.41.0 h1:Ivj+2Cp/ylzLiEU89QhWblYnOE9zerudt9Ftecq2C6k=
golang.org/x/sys v0.41.0/go.mod h1:OgkHotnGiDImocRcuBABYBEXf8A9a87e/uXjp9XT3ks=
golang.org/x/text v0.34.0 h1:oL/Qq0Kdaqxa1KbNeMKwQq0reLCCaFtqu2eNuSeNHbk=
golang.org/x/text v0.34.0/go.mod h1:homfLqTYRFyVYemLBFl5GgL/DWEiH5wcsQ5gSh1yziA=
